
Microsoft Visual Studio Solution File, Format Version 12.00
# Visual Studio Version 16
VisualStudioVersion = 16.0.29123.88
MinimumVisualStudioVersion = 10.0.40219.1
Project("{FAE04EC0-301F-11D3-BF4B-00C04F79EFBC}") = "StudentExercisesBk3", "StudentExercisesBk3\StudentExercisesBk3.csproj", "{1BC6D412-B9DC-401E-BA11-FB8D7AB11809}"
EndProject
Global
	GlobalSection(SolutionConfigurationPlatforms) = preSolution
		Debug|Any CPU = Debug|Any CPU
		Release|Any CPU = Release|Any CPU
	EndGlobalSection
	GlobalSection(ProjectConfigurationPlatforms) = postSolution
		{1BC6D412-B9DC-401E-BA11-FB8D7AB11809}.Debug|Any CPU.ActiveCfg = Debug|Any CPU
		{1BC6D412-B9DC-401E-BA11-FB8D7AB11809}.Debug|Any CPU.Build.0 = Debug|Any CPU
		{1BC6D412-B9DC-401E-BA11-FB8D7AB11809}.Release|Any CPU.ActiveCfg = Release|Any CPU
		{1BC6D412-B9DC-401E-BA11-FB8D7AB11809}.Release|Any CPU.Build.0 = Release|Any CPU
	EndGlobalSection
	GlobalSection(SolutionProperties) = preSolution
		HideSolutionNode = FALSE
	EndGlobalSection
	GlobalSection(ExtensibilityGlobals) = postSolution
		SolutionGuid = {6AAE8C89-DACF-405F-9E11-27A778E88F1C}
	EndGlobalSection
EndGlobal
